
Microsoft Visual Studio Solution File, Format Version 12.00
# Visual Studio Version 17
VisualStudioVersion = 17.0.32014.148
MinimumVisualStudioVersion = 10.0.40219.1
Project("{8BC9CEB8-8B4A-11D0-8D11-00A0C91BC942}") = "london-tube", "london-tube\london-tube.vcxproj", "{F82841D4-4DD8-406F-93FA-B07B4FB12963}"
EndProject
Global
	GlobalSection(SolutionConfigurationPlatforms) = preSolution
		Debug|x64 = Debug|x64
		Debug|x86 = Debug|x86
		Release|x64 = Release|x64
		Release|x86 = Release|x86
	EndGlobalSection
	GlobalSection(ProjectConfigurationPlatforms) = postSolution
		{F82841D4-4DD8-406F-93FA-B07B4FB12963}.Debug|x64.ActiveCfg = Debug|x64
		{F82841D4-4DD8-406F-93FA-B07B4FB12963}.Debug|x64.Build.0 = Debug|x64
		{F82841D4-4DD8-406F-93FA-B07B4FB12963}.Debug|x86.ActiveCfg = Debug|Win32
		{F82841D4-4DD8-406F-93FA-B07B4FB12963}.Debug|x86.Build.0 = Debug|Win32
		{F82841D4-4DD8-406F-93FA-B07B4FB12963}.Release|x64.ActiveCfg = Release|x64
		{F82841D4-4DD8-406F-93FA-B07B4FB12963}.Release|x64.Build.0 = Release|x64
		{F82841D4-4DD8-406F-93FA-B07B4FB12963}.Release|x86.ActiveCfg = Release|Win32
		{F82841D4-4DD8-406F-93FA-B07B4FB12963}.Release|x86.Build.0 = Release|Win32
	EndGlobalSection
	GlobalSection(SolutionProperties) = preSolution
		HideSolutionNode = FALSE
	EndGlobalSection
	GlobalSection(ExtensibilityGlobals) = postSolution
		SolutionGuid = {29753CC7-4712-48D2-89A1-374E83458860}
	EndGlobalSection
EndGlobal
